
Microsoft Visual Studio Solution File, Format Version 12.00
# Visual Studio Version 16
VisualStudioVersion = 16.0.30128.74
MinimumVisualStudioVersion = 10.0.40219.1
Project("{9A19103F-16F7-4668-BE54-9A1E7A4F7556}") = "LunaServer", "LunaServer\LunaServer.csproj", "{2B125615-FB4A-4041-A73B-72A14676951E}"
EndProject
Project("{9A19103F-16F7-4668-BE54-9A1E7A4F7556}") = "MoonScript", "MoonScript\MoonScript.csproj", "{35D68A11-28EC-461C-95F0-3BAB5B167B75}"
EndProject
Global
	GlobalSection(SolutionConfigurationPlatforms) = preSolution
		Debug|Any CPU = Debug|Any CPU
		Release|Any CPU = Release|Any CPU
	EndGlobalSection
	GlobalSection(ProjectConfigurationPlatforms) = postSolution
		{2B125615-FB4A-4041-A73B-72A14676951E}.Debug|Any CPU.ActiveCfg = Debug|Any CPU
		{2B125615-FB4A-4041-A73B-72A14676951E}.Debug|Any CPU.Build.0 = Debug|Any CPU
		{2B125615-FB4A-4041-A73B-72A14676951E}.Release|Any CPU.ActiveCfg = Release|Any CPU
		{2B125615-FB4A-4041-A73B-72A14676951E}.Release|Any CPU.Build.0 = Release|Any CPU
		{35D68A11-28EC-461C-95F0-3BAB5B167B75}.Debug|Any CPU.ActiveCfg = Debug|Any CPU
		{35D68A11-28EC-461C-95F0-3BAB5B167B75}.Debug|Any CPU.Build.0 = Debug|Any CPU
		{35D68A11-28EC-461C-95F0-3BAB5B167B75}.Release|Any CPU.ActiveCfg = Release|Any CPU
		{35D68A11-28EC-461C-95F0-3BAB5B167B75}.Release|Any CPU.Build.0 = Release|Any CPU
	EndGlobalSection
	GlobalSection(SolutionProperties) = preSolution
		HideSolutionNode = FALSE
	EndGlobalSection
	GlobalSection(ExtensibilityGlobals) = postSolution
		SolutionGuid = {F82AF1A7-B36F-4D8A-9E0C-F46FA126DFAF}
	EndGlobalSection
EndGlobal
